
Microsoft Visual Studio Solution File, Format Version 12.00
# Visual Studio 15
VisualStudioVersion = 15.0.27428.2043
MinimumVisualStudioVersion = 10.0.40219.1
Project("{FAE04EC0-301F-11D3-BF4B-00C04F79EFBC}") = "BehaveTherapy", "BehaveTherapy\BehaveTherapy.csproj", "{3F9253ED-CAC7-46D3-8CD6-8C6416BAB7EA}"
EndProject
Global
	GlobalSection(SolutionConfigurationPlatforms) = preSolution
		Debug|Any CPU = Debug|Any CPU
		Release|Any CPU = Release|Any CPU
	EndGlobalSection
	GlobalSection(ProjectConfigurationPlatforms) = postSolution
		{3F9253ED-CAC7-46D3-8CD6-8C6416BAB7EA}.Debug|Any CPU.ActiveCfg = Debug|Any CPU
		{3F9253ED-CAC7-46D3-8CD6-8C6416BAB7EA}.Debug|Any CPU.Build.0 = Debug|Any CPU
		{3F9253ED-CAC7-46D3-8CD6-8C6416BAB7EA}.Release|Any CPU.ActiveCfg = Release|Any CPU
		{3F9253ED-CAC7-46D3-8CD6-8C6416BAB7EA}.Release|Any CPU.Build.0 = Release|Any CPU
	EndGlobalSection
	GlobalSection(SolutionProperties) = preSolution
		HideSolutionNode = FALSE
	EndGlobalSection
	GlobalSection(ExtensibilityGlobals) = postSolution
		SolutionGuid = {3755E2DF-A265-4E5E-8441-5C0699AB5A60}
	EndGlobalSection
EndGlobal
